
Microsoft Visual Studio Solution File, Format Version 12.00
# Visual Studio Version 16
VisualStudioVersion = 16.0.29613.14
MinimumVisualStudioVersion = 10.0.40219.1
Project("{FAE04EC0-301F-11D3-BF4B-00C04F79EFBC}") = "BEUATIFYULHUMANS", "BEUATIFYULHUMANS.csproj", "{2B5065DE-CED3-4AD1-8C59-CF0C24CF393E}"
EndProject
Global
	GlobalSection(SolutionConfigurationPlatforms) = preSolution
		Debug|Any CPU = Debug|Any CPU
		Release|Any CPU = Release|Any CPU
	EndGlobalSection
	GlobalSection(ProjectConfigurationPlatforms) = postSolution
		{2B5065DE-CED3-4AD1-8C59-CF0C24CF393E}.Debug|Any CPU.ActiveCfg = Debug|Any CPU
		{2B5065DE-CED3-4AD1-8C59-CF0C24CF393E}.Debug|Any CPU.Build.0 = Debug|Any CPU
		{2B5065DE-CED3-4AD1-8C59-CF0C24CF393E}.Release|Any CPU.ActiveCfg = Release|Any CPU
		{2B5065DE-CED3-4AD1-8C59-CF0C24CF393E}.Release|Any CPU.Build.0 = Release|Any CPU
	EndGlobalSection
	GlobalSection(SolutionProperties) = preSolution
		HideSolutionNode = FALSE
	EndGlobalSection
	GlobalSection(ExtensibilityGlobals) = postSolution
		SolutionGuid = {F5723BA6-91E6-4145-88A1-BBD0D8747FA3}
	EndGlobalSection
EndGlobal
